{
  "definition": "./",
  "optionals": [],
  "private": {
    "modules": [ {
      "definition": "https://github.com/Zefiros-Software/ZefirosDefaults.git",
      "hash": "2a324c0a911bae32ea5aaa021452424851afc5f1",
      "name": "Zefiros-Software/Defaults",
      "public": {
        "libraries": [ {
          "definition": "https://github.com/Zefiros-Software/GoogleTest.git",
          "hash": "a6f06bf2fd3b832822cd4e9e554b7d47f32ec084",
          "name": "Zefiros-Software/GoogleTest",
          "repository": "https://github.com/google/googletest.git",
          "tag": "HEAD",
          "versionRequirement": "@head || ^1.0.0"
        }, {
          "definition": "https://github.com/Zefiros-Software/GoogleBenchmark.git",
          "hash": "64d4805dd7861fa265e3d8f10efc056985d4e945",
          "name": "Zefiros-Software/GoogleBenchmark",
          "repository": "https://github.com/google/benchmark.git",
          "tag": "HEAD",
          "versionRequirement": "@head"
        } ]
      },
      "repository": "https://github.com/Zefiros-Software/ZefirosDefaults.git",
      "tag": "HEAD",
      "versionRequirement": "@head"
    } ]
  },
  "public": {
    "libraries": [ {
      "definition": "https://github.com/Zefiros-Software/Predef.git",
      "hash": "5e8f5d5a4b9df640ffaeaf51e89c83e28a02f435",
      "name": "Zefiros-Software/Predef",
      "repository": "https://github.com/boostorg/predef.git",
      "tag": "HEAD",
      "versionRequirement": ">1.65.0 || @head"
    } ]
  },
  "repository": "./"
}